// !$*UTF8*$!
{
	archiveVersion = 1;
	classes = {
	};
	objectVersion = 50;
	objects = {

/* Begin PBXBuildFile section */
		3B2ABFB521522BB0009A6BDD /* AppDelegate.swift in Sources */ = {isa = PBXBuildFile; fileRef = 3B2ABFB421522BB0009A6BDD /* AppDelegate.swift */; };
		3B2ABFB721522BB0009A6BDD /* ViewController.swift in Sources */ = {isa = PBXBuildFile; fileRef = 3B2ABFB621522BB0009A6BDD /* ViewController.swift */; };
		3B2ABFBA21522BB0009A6BDD /* Main.storyboard in Resources */ = {isa = PBXBuildFile; fileRef = 3B2ABFB821522BB0009A6BDD /* Main.storyboard */; };
		3B2ABFBC21522BB2009A6BDD /* Assets.xcassets in Resources */ = {isa = PBXBuildFile; fileRef = 3B2ABFBB21522BB2009A6BDD /* Assets.xcassets */; };
		3B2ABFBF21522BB2009A6BDD /* LaunchScreen.storyboard in Resources */ = {isa = PBXBuildFile; fileRef = 3B2ABFBD21522BB2009A6BDD /* LaunchScreen.storyboard */; };
		3B2ABFC721522D74009A6BDD /* Inceptionv3.mlmodel in Sources */ = {isa = PBXBuildFile; fileRef = 3B2ABFC621522D74009A6BDD /* Inceptionv3.mlmodel */; };
/* End PBXBuildFile section */

/* Begin PBXFileReference section */
		3B2ABFB121522BB0009A6BDD /* SeaFoodApp.app */ = {isa = PBXFileReference; explicitFileType = wrapper.application; includeInIndex = 0; path = SeaFoodApp.app; sourceTree = BUILT_PRODUCTS_DIR; };
		3B2ABFB421522BB0009A6BDD /* AppDelegate.swift */ = {isa = PBXFileReference; lastKnownFileType = sourcecode.swift; path = AppDelegate.swift; sourceTree = "<group>"; };
		3B2ABFB621522BB0009A6BDD /* ViewController.swift */ = {isa = PBXFileReference; lastKnownFileType = sourcecode.swift; path = ViewController.swift; sourceTree = "<group>"; };
		3B2ABFB921522BB0009A6BDD /* Base */ = {isa = PBXFileReference; lastKnownFileType = file.storyboard; name = Base; path = Base.lproj/Main.storyboard; sourceTree = "<group>"; };
		3B2ABFBB21522BB2009A6BDD /* Assets.xcassets */ = {isa = PBXFileReference; lastKnownFileType = folder.assetcatalog; path = Assets.xcassets; sourceTree = "<group>"; };
		3B2ABFBE21522BB2009A6BDD /* Base */ = {isa = PBXFileReference; lastKnownFileType = file.storyboard; name = Base; path = Base.lproj/LaunchScreen.storyboard; sourceTree = "<group>"; };
		3B2ABFC021522BB2009A6BDD /* Info.plist */ = {isa = PBXFileReference; lastKnownFileType = text.plist.xml; path = Info.plist; sourceTree = "<group>"; };
		3B2ABFC621522D74009A6BDD /* Inceptionv3.mlmodel */ = {isa = PBXFileReference; lastKnownFileType = file.mlmodel; path = Inceptionv3.mlmodel; sourceTree = "<group>"; };
/* End PBXFileReference section */

/* Begin PBXFrameworksBuildPhase section */
		3B2ABFAE21522BB0009A6BDD /* Frameworks */ = {
			isa = PBXFrameworksBuildPhase;
			buildActionMask = 2147483647;
			files = (
			);
			runOnlyForDeploymentPostprocessing = 0;
		};
/* End PBXFrameworksBuildPhase section */

/* Begin PBXGroup section */
		3B2ABFA821522BB0009A6BDD = {
			isa = PBXGroup;
			children = (
				3B2ABFB321522BB0009A6BDD /* SeaFoodApp */,
				3B2ABFB221522BB0009A6BDD /* Products */,
			);
			sourceTree = "<group>";
		};
		3B2ABFB221522BB0009A6BDD /* Products */ = {
			isa = PBXGroup;
			children = (
				3B2ABFB121522BB0009A6BDD /* SeaFoodApp.app */,
			);
			name = Products;
			sourceTree = "<group>";
		};
		3B2ABFB321522BB0009A6BDD /* SeaFoodApp */ = {
			isa = PBXGroup;
			children = (
				3B2ABFB421522BB0009A6BDD /* AppDelegate.swift */,
				3B2ABFB621522BB0009A6BDD /* ViewController.swift */,
				3B2ABFB821522BB0009A6BDD /* Main.storyboard */,
				3B2ABFBB21522BB2009A6BDD /* Assets.xcassets */,
				3B2ABFBD21522BB2009A6BDD /* LaunchScreen.storyboard */,
				3B2ABFC021522BB2009A6BDD /* Info.plist */,
				3B2ABFC621522D74009A6BDD /* Inceptionv3.mlmodel */,
			);
			path = SeaFoodApp;
			sourceTree = "<group>";
		};
/* End PBXGroup section */

/* Begin PBXNativeTarget section */
		3B2ABFB021522BB0009A6BDD /* SeaFoodApp */ = {
			isa = PBXNativeTarget;
			buildConfigurationList = 3B2ABFC321522BB2009A6BDD /* Build configuration list for PBXNativeTarget "SeaFoodApp" */;
			buildPhases = (
				3B2ABFAD21522BB0009A6BDD /* Sources */,
				3B2ABFAE21522BB0009A6BDD /* Frameworks */,
				3B2ABFAF21522BB0009A6BDD /* Resources */,
			);
			buildRules = (
			);
			dependencies = (
			);
			name = SeaFoodApp;
			productName = SeaFoodApp;
			productReference = 3B2ABFB121522BB0009A6BDD /* SeaFoodApp.app */;
			productType = "com.apple.product-type.application";
		};
/* End PBXNativeTarget section */

/* Begin PBXProject section */
		3B2ABFA921522BB0009A6BDD /* Project object */ = {
			isa = PBXProject;
			attributes = {
				LastSwiftUpdateCheck = 0940;
				LastUpgradeCheck = 0940;
				ORGANIZATIONNAME = "Sonali Patel";
				TargetAttributes = {
					3B2ABFB021522BB0009A6BDD = {
						CreatedOnToolsVersion = 9.4;
					};
				};
			};
			buildConfigurationList = 3B2ABFAC21522BB0009A6BDD /* Build configuration list for PBXProject "SeaFoodApp" */;
			compatibilityVersion = "Xcode 9.3";
			developmentRegion = en;
			hasScannedForEncodings = 0;
			knownRegions = (
				en,
				Base,
			);
			mainGroup = 3B2ABFA821522BB0009A6BDD;
			productRefGroup = 3B2ABFB221522BB0009A6BDD /* Products */;
			projectDirPath = "";
			projectRoot = "";
			targets = (
				3B2ABFB021522BB0009A6BDD /* SeaFoodApp */,
			);
		};
/* End PBXProject section */

/* Begin PBXResourcesBuildPhase section */
		3B2ABFAF21522BB0009A6BDD /* Resources */ = {
			isa = PBXResourcesBuildPhase;
			buildActionMask = 2147483647;
			files = (
				3B2ABFBF21522BB2009A6BDD /* LaunchScreen.storyboard in Resources */,
				3B2ABFBC21522BB2009A6BDD /* Assets.xcassets in Resources */,
				3B2ABFBA21522BB0009A6BDD /* Main.storyboard in Resources */,
			);
			runOnlyForDeploymentPostprocessing = 0;
		};
/* End PBXResourcesBuildPhase section */

/* Begin PBXSourcesBuildPhase section */
		3B2ABFAD21522BB0009A6BDD /* Sources */ = {
			isa = PBXSourcesBuildPhase;
			buildActionMask = 2147483647;
			files = (
				3B2ABFB721522BB0009A6BDD /* ViewController.swift in Sources */,
				3B2ABFC721522D74009A6BDD /* Inceptionv3.mlmodel in Sources */,
				3B2ABFB521522BB0009A6BDD /* AppDelegate.swift in Sources */,
			);
			runOnlyForDeploymentPostprocessing = 0;
		};
/* End PBXSourcesBuildPhase section */

/* Begin PBXVariantGroup section */
		3B2ABFB821522BB0009A6BDD /* Main.storyboard */ = {
			isa = PBXVariantGroup;
			children = (
				3B2ABFB921522BB0009A6BDD /* Base */,
			);
			name = Main.storyboard;
			sourceTree = "<group>";
		};
		3B2ABFBD21522BB2009A6BDD /* LaunchScreen.storyboard */ = {
			isa = PBXVariantGroup;
			children = (
				3B2ABFBE21522BB2009A6BDD /* Base */,
			);
			name = LaunchScreen.storyboard;
			sourceTree = "<group>";
		};
/* End PBXVariantGroup section */

/* Begin XCBuildConfiguration section */
		3B2ABFC121522BB2009A6BDD /* Debug */ = {
			isa = XCBuildConfiguration;
			buildSettings = {
				ALWAYS_SEARCH_USER_PATHS = NO;
				CLANG_ANALYZER_NONNULL = YES;
				CLANG_ANALYZER_NUMBER_OBJECT_CONVERSION = YES_AGGRESSIVE;
				CLANG_CXX_LANGUAGE_STANDARD = "gnu++14";
				CLANG_CXX_LIBRARY = "libc++";
				CLANG_ENABLE_MODULES = YES;
				CLANG_ENABLE_OBJC_ARC = YES;
				CLANG_ENABLE_OBJC_WEAK = YES;
				CLANG_WARN_BLOCK_CAPTURE_AUTORELEASING = YES;
				CLANG_WARN_BOOL_CONVERSION = YES;
				CLANG_WARN_COMMA = YES;
				CLANG_WARN_CONSTANT_CONVERSION = YES;
				CLANG_WARN_DEPRECATED_OBJC_IMPLEMENTATIONS = YES;
				CLANG_WARN_DIRECT_OBJC_ISA_USAGE = YES_ERROR;
				CLANG_WARN_DOCUMENTATION_COMMENTS = YES;
				CLANG_WARN_EMPTY_BODY = YES;
				CLANG_WARN_ENUM_CONVERSION = YES;
				CLANG_WARN_INFINITE_RECURSION = YES;
				CLANG_WARN_INT_CONVERSION = YES;
				CLANG_WARN_NON_LITERAL_NULL_CONVERSION = YES;
				CLANG_WARN_OBJC_IMPLICIT_RETAIN_SELF = YES;
				CLANG_WARN_OBJC_LITERAL_CONVERSION = YES;
				CLANG_WARN_OBJC_ROOT_CLASS = YES_ERROR;
				CLANG_WARN_RANGE_LOOP_ANALYSIS = YES;
				CLANG_WARN_STRICT_PROTOTYPES = YES;
				CLANG_WARN_SUSPICIOUS_MOVE = YES;
				CLANG_WARN_UNGUARDED_AVAILABILITY = YES_AGGRESSIVE;
				CLANG_WARN_UNREACHABLE_CODE = YES;
				CLANG_WARN__DUPLICATE_METHOD_MATCH = YES;
				CODE_SIGN_IDENTITY = "iPhone Developer";
				COPY_PHASE_STRIP = NO;
				DEBUG_INFORMATION_FORMAT = dwarf;
				ENABLE_STRICT_OBJC_MSGSEND = YES;
				ENABLE_TESTABILITY = YES;
				GCC_C_LANGUAGE_STANDARD = gnu11;
				GCC_DYNAMIC_NO_PIC = NO;
				GCC_NO_COMMON_BLOCKS = YES;
				GCC_OPTIMIZATION_LEVEL = 0;
				GCC_PREPROCESSOR_DEFINITIONS = (
					"DEBUG=1",
					"$(inherited)",
				);
				GCC_WARN_64_TO_32_BIT_CONVERSION = YES;
				GCC_WARN_ABOUT_RETURN_TYPE = YES_ERROR;
				GCC_WARN_UNDECLARED_SELECTOR = YES;
				GCC_WARN_UNINITIALIZED_AUTOS = YES_AGGRESSIVE;
				GCC_WARN_UNUSED_FUNCTION = YES;
				GCC_WARN_UNUSED_VARIABLE = YES;
				IPHONEOS_DEPLOYMENT_TARGET = 11.4;
				MTL_ENABLE_DEBUG_INFO = YES;
				ONLY_ACTIVE_ARCH = YES;
				SDKROOT = iphoneos;
				SWIFT_ACTIVE_COMPILATION_CONDITIONS = DEBUG;
				SWIFT_OPTIMIZATION_LEVEL = "-Onone";
			};
			name = Debug;
		};
		3B2ABFC221522BB2009A6BDD /* Release */ = {
			isa = XCBuildConfiguration;
			buildSettings = {
				ALWAYS_SEARCH_USER_PATHS = NO;
				CLANG_ANALYZER_NONNULL = YES;
				CLANG_ANALYZER_NUMBER_OBJECT_CONVERSION = YES_AGGRESSIVE;
				CLANG_CXX_LANGUAGE_STANDARD = "gnu++14";
				CLANG_CXX_LIBRARY = "libc++";
				CLANG_ENABLE_MODULES = YES;
				CLANG_ENABLE_OBJC_ARC = YES;
				CLANG_ENABLE_OBJC_WEAK = YES;
				CLANG_WARN_BLOCK_CAPTURE_AUTORELEASING = YES;
				CLANG_WARN_BOOL_CONVERSION = YES;
				CLANG_WARN_COMMA = YES;
				CLANG_WARN_CONSTANT_CONVERSION = YES;
				CLANG_WARN_DEPRECATED_OBJC_IMPLEMENTATIONS = YES;
				CLANG_WARN_DIRECT_OBJC_ISA_USAGE = YES_ERROR;
				CLANG_WARN_DOCUMENTATION_COMMENTS = YES;
				CLANG_WARN_EMPTY_BODY = YES;
				CLANG_WARN_ENUM_CONVERSION = YES;
				CLANG_WARN_INFINITE_RECURSION = YES;
				CLANG_WARN_INT_CONVERSION = YES;
				CLANG_WARN_NON_LITERAL_NULL_CONVERSION = YES;
				CLANG_WARN_OBJC_IMPLICIT_RETAIN_SELF = YES;
				CLANG_WARN_OBJC_LITERAL_CONVERSION = YES;
				CLANG_WARN_OBJC_ROOT_CLASS = YES_ERROR;
				CLANG_WARN_RANGE_LOOP_ANALYSIS = YES;
				CLANG_WARN_STRICT_PROTOTYPES = YES;
				CLANG_WARN_SUSPICIOUS_MOVE = YES;
				CLANG_WARN_UNGUARDED_AVAILABILITY = YES_AGGRESSIVE;
				CLANG_WARN_UNREACHABLE_CODE = YES;
				CLANG_WARN__DUPLICATE_METHOD_MATCH = YES;
				CODE_SIGN_IDENTITY = "iPhone Developer";
				COPY_PHASE_STRIP = NO;
				DEBUG_INFORMATION_FORMAT = "dwarf-with-dsym";
				ENABLE_NS_ASSERTIONS = NO;
				ENABLE_STRICT_OBJC_MSGSEND = YES;
				GCC_C_LANGUAGE_STANDARD = gnu11;
				GCC_NO_COMMON_BLOCKS = YES;
				GCC_WARN_64_TO_32_BIT_CONVERSION = YES;
				GCC_WARN_ABOUT_RETURN_TYPE = YES_ERROR;
				GCC_WARN_UNDECLARED_SELECTOR = YES;
				GCC_WARN_UNINITIALIZED_AUTOS = YES_AGGRESSIVE;
				GCC_WARN_UNUSED_FUNCTION = YES;
				GCC_WARN_UNUSED_VARIABLE = YES;
				IPHONEOS_DEPLOYMENT_TARGET = 11.4;
				MTL_ENABLE_DEBUG_INFO = NO;
				SDKROOT = iphoneos;
				SWIFT_COMPILATION_MODE = wholemodule;
				SWIFT_OPTIMIZATION_LEVEL = "-O";
				VALIDATE_PRODUCT = YES;
			};
			name = Release;
		};
		3B2ABFC421522BB2009A6BDD /* Debug */ = {
			isa = XCBuildConfiguration;
			buildSettings = {
				ASSETCATALOG_COMPILER_APPICON_NAME = AppIcon;
				CODE_SIGN_STYLE = Automatic;
				DEVELOPMENT_TEAM = 9TAUJ4K4VL;
				INFOPLIST_FILE = SeaFoodApp/Info.plist;
				LD_RUNPATH_SEARCH_PATHS = (
					"$(inherited)",
					"@executable_path/Frameworks",
				);
				PRODUCT_BUNDLE_IDENTIFIER = edu.self.developer.sonali.SeaFoodApp;
				PRODUCT_NAME = "$(TARGET_NAME)";
				SWIFT_VERSION = 4.0;
				TARGETED_DEVICE_FAMILY = "1,2";
			};
			name = Debug;
		};
		3B2ABFC521522BB2009A6BDD /* Release */ = {
			isa = XCBuildConfiguration;
			buildSettings = {
				ASSETCATALOG_COMPILER_APPICON_NAME = AppIcon;
				CODE_SIGN_STYLE = Automatic;
				DEVELOPMENT_TEAM = 9TAUJ4K4VL;
				INFOPLIST_FILE = SeaFoodApp/Info.plist;
				LD_RUNPATH_SEARCH_PATHS = (
					"$(inherited)",
					"@executable_path/Frameworks",
				);
				PRODUCT_BUNDLE_IDENTIFIER = edu.self.developer.sonali.SeaFoodApp;
				PRODUCT_NAME = "$(TARGET_NAME)";
				SWIFT_VERSION = 4.0;
				TARGETED_DEVICE_FAMILY = "1,2";
			};
			name = Release;
		};
/* End XCBuildConfiguration section */

/* Begin XCConfigurationList section */
		3B2ABFAC21522BB0009A6BDD /* Build configuration list for PBXProject "SeaFoodApp" */ = {
			isa = XCConfigurationList;
			buildConfigurations = (
				3B2ABFC121522BB2009A6BDD /* Debug */,
				3B2ABFC221522BB2009A6BDD /* Release */,
			);
			defaultConfigurationIsVisible = 0;
			defaultConfigurationName = Release;
		};
		3B2ABFC321522BB2009A6BDD /* Build configuration list for PBXNativeTarget "SeaFoodApp" */ = {
			isa = XCConfigurationList;
			buildConfigurations = (
				3B2ABFC421522BB2009A6BDD /* Debug */,
				3B2ABFC521522BB2009A6BDD /* Release */,
			);
			defaultConfigurationIsVisible = 0;
			defaultConfigurationName = Release;
		};
/* End XCConfigurationList section */
	};
	rootObject = 3B2ABFA921522BB0009A6BDD /* Project object */;
}
